
Microsoft Visual Studio Solution File, Format Version 12.00
# Visual Studio 15
VisualStudioVersion = 15.0.28307.1401
MinimumVisualStudioVersion = 10.0.40219.1
Project("{9A19103F-16F7-4668-BE54-9A1E7A4F7556}") = "BasicCalculator", "BasicCalculator\BasicCalculator.csproj", "{38AD5222-A9EB-437F-A3F0-180E8FD67EE3}"
EndProject
Project("{9A19103F-16F7-4668-BE54-9A1E7A4F7556}") = "BasicCalculator.Tests", "BasicCalculator.Test\BasicCalculator.Tests.csproj", "{F192EBA6-D0D7-4525-9002-30A4A4DFCE4D}"
	ProjectSection(ProjectDependencies) = postProject
		{38AD5222-A9EB-437F-A3F0-180E8FD67EE3} = {38AD5222-A9EB-437F-A3F0-180E8FD67EE3}
	EndProjectSection
EndProject
Project("{9A19103F-16F7-4668-BE54-9A1E7A4F7556}") = "BasicCalculatorWeb", "BasicCalculatorWeb\BasicCalculatorWeb.csproj", "{0F779444-6E7E-43D1-BBC4-0F9193DC2091}"
EndProject
Global
	GlobalSection(SolutionConfigurationPlatforms) = preSolution
		Debug|Any CPU = Debug|Any CPU
		Release|Any CPU = Release|Any CPU
	EndGlobalSection
	GlobalSection(ProjectConfigurationPlatforms) = postSolution
		{38AD5222-A9EB-437F-A3F0-180E8FD67EE3}.Debug|Any CPU.ActiveCfg = Debug|Any CPU
		{38AD5222-A9EB-437F-A3F0-180E8FD67EE3}.Debug|Any CPU.Build.0 = Debug|Any CPU
		{38AD5222-A9EB-437F-A3F0-180E8FD67EE3}.Release|Any CPU.ActiveCfg = Release|Any CPU
		{38AD5222-A9EB-437F-A3F0-180E8FD67EE3}.Release|Any CPU.Build.0 = Release|Any CPU
		{F192EBA6-D0D7-4525-9002-30A4A4DFCE4D}.Debug|Any CPU.ActiveCfg = Debug|Any CPU
		{F192EBA6-D0D7-4525-9002-30A4A4DFCE4D}.Debug|Any CPU.Build.0 = Debug|Any CPU
		{F192EBA6-D0D7-4525-9002-30A4A4DFCE4D}.Release|Any CPU.ActiveCfg = Release|Any CPU
		{F192EBA6-D0D7-4525-9002-30A4A4DFCE4D}.Release|Any CPU.Build.0 = Release|Any CPU
		{0F779444-6E7E-43D1-BBC4-0F9193DC2091}.Debug|Any CPU.ActiveCfg = Debug|Any CPU
		{0F779444-6E7E-43D1-BBC4-0F9193DC2091}.Debug|Any CPU.Build.0 = Debug|Any CPU
		{0F779444-6E7E-43D1-BBC4-0F9193DC2091}.Release|Any CPU.ActiveCfg = Release|Any CPU
		{0F779444-6E7E-43D1-BBC4-0F9193DC2091}.Release|Any CPU.Build.0 = Release|Any CPU
	EndGlobalSection
	GlobalSection(SolutionProperties) = preSolution
		HideSolutionNode = FALSE
	EndGlobalSection
	GlobalSection(ExtensibilityGlobals) = postSolution
		SolutionGuid = {DEECA9C7-47E5-41BD-BEFD-3ABE2C0E1501}
	EndGlobalSection
EndGlobal
